// !$*UTF8*$!
{
	archiveVersion = 1;
	classes = {
	};
	objectVersion = 50;
	objects = {

/* Begin PBXBuildFile section */
		FF0A111F24D9E5A200BAFCD9 /* AppModel.swift in Sources */ = {isa = PBXBuildFile; fileRef = FF0A111E24D9E5A200BAFCD9 /* AppModel.swift */; };
		FF2302C924DC5DE0001B2A59 /* ButtonGrp.swift in Sources */ = {isa = PBXBuildFile; fileRef = FF2302C824DC5DE0001B2A59 /* ButtonGrp.swift */; };
		FF2302CB24DD6069001B2A59 /* CoreDataInstance.swift in Sources */ = {isa = PBXBuildFile; fileRef = FF2302CA24DD6069001B2A59 /* CoreDataInstance.swift */; };
		FF5DF81E24DC480600457547 /* NestedViaModel.swift in Sources */ = {isa = PBXBuildFile; fileRef = FF5DF81D24DC480600457547 /* NestedViaModel.swift */; };
		FF5DF82024DC4ADA00457547 /* DisplayCounts.swift in Sources */ = {isa = PBXBuildFile; fileRef = FF5DF81F24DC4ADA00457547 /* DisplayCounts.swift */; };
		FF93BCCB24D84C7C001E0047 /* CoreDataPlusModelApp.swift in Sources */ = {isa = PBXBuildFile; fileRef = FF93BCCA24D84C7C001E0047 /* CoreDataPlusModelApp.swift */; };
		FFC7459624D6EEE200E84D83 /* AppCoreData.xcdatamodeld in Sources */ = {isa = PBXBuildFile; fileRef = FFC7459424D6EEE200E84D83 /* AppCoreData.xcdatamodeld */; };
		FFC7459824D6EEE200E84D83 /* Home.swift in Sources */ = {isa = PBXBuildFile; fileRef = FFC7459724D6EEE200E84D83 /* Home.swift */; };
		FFC7459A24D6EEE400E84D83 /* Assets.xcassets in Resources */ = {isa = PBXBuildFile; fileRef = FFC7459924D6EEE400E84D83 /* Assets.xcassets */; };
		FFC7459D24D6EEE400E84D83 /* Preview Assets.xcassets in Resources */ = {isa = PBXBuildFile; fileRef = FFC7459C24D6EEE400E84D83 /* Preview Assets.xcassets */; };
		FFC745A024D6EEE400E84D83 /* LaunchScreen.storyboard in Resources */ = {isa = PBXBuildFile; fileRef = FFC7459E24D6EEE400E84D83 /* LaunchScreen.storyboard */; };
/* End PBXBuildFile section */

/* Begin PBXFileReference section */
		FF0A111E24D9E5A200BAFCD9 /* AppModel.swift */ = {isa = PBXFileReference; lastKnownFileType = sourcecode.swift; path = AppModel.swift; sourceTree = "<group>"; };
		FF2302C824DC5DE0001B2A59 /* ButtonGrp.swift */ = {isa = PBXFileReference; lastKnownFileType = sourcecode.swift; path = ButtonGrp.swift; sourceTree = "<group>"; };
		FF2302CA24DD6069001B2A59 /* CoreDataInstance.swift */ = {isa = PBXFileReference; lastKnownFileType = sourcecode.swift; path = CoreDataInstance.swift; sourceTree = "<group>"; };
		FF5DF81D24DC480600457547 /* NestedViaModel.swift */ = {isa = PBXFileReference; lastKnownFileType = sourcecode.swift; path = NestedViaModel.swift; sourceTree = "<group>"; };
		FF5DF81F24DC4ADA00457547 /* DisplayCounts.swift */ = {isa = PBXFileReference; lastKnownFileType = sourcecode.swift; path = DisplayCounts.swift; sourceTree = "<group>"; };
		FF93BCCA24D84C7C001E0047 /* CoreDataPlusModelApp.swift */ = {isa = PBXFileReference; lastKnownFileType = sourcecode.swift; path = CoreDataPlusModelApp.swift; sourceTree = "<group>"; };
		FFC7458D24D6EEE200E84D83 /* CoreDataPlusModel.app */ = {isa = PBXFileReference; explicitFileType = wrapper.application; includeInIndex = 0; path = CoreDataPlusModel.app; sourceTree = BUILT_PRODUCTS_DIR; };
		FFC7459524D6EEE200E84D83 /* CoreDataPlusModel.xcdatamodel */ = {isa = PBXFileReference; lastKnownFileType = wrapper.xcdatamodel; path = CoreDataPlusModel.xcdatamodel; sourceTree = "<group>"; };
		FFC7459724D6EEE200E84D83 /* Home.swift */ = {isa = PBXFileReference; lastKnownFileType = sourcecode.swift; path = Home.swift; sourceTree = "<group>"; };
		FFC7459924D6EEE400E84D83 /* Assets.xcassets */ = {isa = PBXFileReference; lastKnownFileType = folder.assetcatalog; path = Assets.xcassets; sourceTree = "<group>"; };
		FFC7459C24D6EEE400E84D83 /* Preview Assets.xcassets */ = {isa = PBXFileReference; lastKnownFileType = folder.assetcatalog; path = "Preview Assets.xcassets"; sourceTree = "<group>"; };
		FFC7459F24D6EEE400E84D83 /* Base */ = {isa = PBXFileReference; lastKnownFileType = file.storyboard; name = Base; path = Base.lproj/LaunchScreen.storyboard; sourceTree = "<group>"; };
		FFC745A124D6EEE400E84D83 /* Info.plist */ = {isa = PBXFileReference; lastKnownFileType = text.plist.xml; path = Info.plist; sourceTree = "<group>"; };
/* End PBXFileReference section */

/* Begin PBXFrameworksBuildPhase section */
		FFC7458A24D6EEE200E84D83 /* Frameworks */ = {
			isa = PBXFrameworksBuildPhase;
			buildActionMask = 2147483647;
			files = (
			);
			runOnlyForDeploymentPostprocessing = 0;
		};
/* End PBXFrameworksBuildPhase section */

/* Begin PBXGroup section */
		FF0005C224DAC0FE007EA460 /* Model */ = {
			isa = PBXGroup;
			children = (
				FF0A111E24D9E5A200BAFCD9 /* AppModel.swift */,
				FF2302CA24DD6069001B2A59 /* CoreDataInstance.swift */,
				FFC7459424D6EEE200E84D83 /* AppCoreData.xcdatamodeld */,
			);
			path = Model;
			sourceTree = "<group>";
		};
		FFC7458424D6EEE200E84D83 = {
			isa = PBXGroup;
			children = (
				FFC7458F24D6EEE200E84D83 /* CoreDataPlusModel */,
				FFC7458E24D6EEE200E84D83 /* Products */,
			);
			sourceTree = "<group>";
		};
		FFC7458E24D6EEE200E84D83 /* Products */ = {
			isa = PBXGroup;
			children = (
				FFC7458D24D6EEE200E84D83 /* CoreDataPlusModel.app */,
			);
			name = Products;
			sourceTree = "<group>";
		};
		FFC7458F24D6EEE200E84D83 /* CoreDataPlusModel */ = {
			isa = PBXGroup;
			children = (
				FFC745A124D6EEE400E84D83 /* Info.plist */,
				FFC7459E24D6EEE400E84D83 /* LaunchScreen.storyboard */,
				FF93BCCA24D84C7C001E0047 /* CoreDataPlusModelApp.swift */,
				FFEAA5E024DAC235002E4404 /* Views */,
				FFC7459924D6EEE400E84D83 /* Assets.xcassets */,
				FF0005C224DAC0FE007EA460 /* Model */,
				FFC7459B24D6EEE400E84D83 /* Preview Content */,
			);
			path = CoreDataPlusModel;
			sourceTree = "<group>";
		};
		FFC7459B24D6EEE400E84D83 /* Preview Content */ = {
			isa = PBXGroup;
			children = (
				FFC7459C24D6EEE400E84D83 /* Preview Assets.xcassets */,
			);
			path = "Preview Content";
			sourceTree = "<group>";
		};
		FFEAA5E024DAC235002E4404 /* Views */ = {
			isa = PBXGroup;
			children = (
				FFC7459724D6EEE200E84D83 /* Home.swift */,
				FF5DF81D24DC480600457547 /* NestedViaModel.swift */,
				FF5DF81F24DC4ADA00457547 /* DisplayCounts.swift */,
				FF2302C824DC5DE0001B2A59 /* ButtonGrp.swift */,
			);
			path = Views;
			sourceTree = "<group>";
		};
/* End PBXGroup section */

/* Begin PBXNativeTarget section */
		FFC7458C24D6EEE200E84D83 /* CoreDataPlusModel */ = {
			isa = PBXNativeTarget;
			buildConfigurationList = FFC745A424D6EEE400E84D83 /* Build configuration list for PBXNativeTarget "CoreDataPlusModel" */;
			buildPhases = (
				FFC7458924D6EEE200E84D83 /* Sources */,
				FFC7458A24D6EEE200E84D83 /* Frameworks */,
				FFC7458B24D6EEE200E84D83 /* Resources */,
			);
			buildRules = (
			);
			dependencies = (
			);
			name = CoreDataPlusModel;
			productName = CoreDataPlusModel;
			productReference = FFC7458D24D6EEE200E84D83 /* CoreDataPlusModel.app */;
			productType = "com.apple.product-type.application";
		};
/* End PBXNativeTarget section */

/* Begin PBXProject section */
		FFC7458524D6EEE200E84D83 /* Project object */ = {
			isa = PBXProject;
			attributes = {
				LastSwiftUpdateCheck = 1160;
				LastUpgradeCheck = 1160;
				ORGANIZATIONNAME = "Jonathan Hume";
				TargetAttributes = {
					FFC7458C24D6EEE200E84D83 = {
						CreatedOnToolsVersion = 11.6;
					};
				};
			};
			buildConfigurationList = FFC7458824D6EEE200E84D83 /* Build configuration list for PBXProject "CoreDataPlusModel" */;
			compatibilityVersion = "Xcode 9.3";
			developmentRegion = en;
			hasScannedForEncodings = 0;
			knownRegions = (
				en,
				Base,
			);
			mainGroup = FFC7458424D6EEE200E84D83;
			productRefGroup = FFC7458E24D6EEE200E84D83 /* Products */;
			projectDirPath = "";
			projectRoot = "";
			targets = (
				FFC7458C24D6EEE200E84D83 /* CoreDataPlusModel */,
			);
		};
/* End PBXProject section */

/* Begin PBXResourcesBuildPhase section */
		FFC7458B24D6EEE200E84D83 /* Resources */ = {
			isa = PBXResourcesBuildPhase;
			buildActionMask = 2147483647;
			files = (
				FFC745A024D6EEE400E84D83 /* LaunchScreen.storyboard in Resources */,
				FFC7459D24D6EEE400E84D83 /* Preview Assets.xcassets in Resources */,
				FFC7459A24D6EEE400E84D83 /* Assets.xcassets in Resources */,
			);
			runOnlyForDeploymentPostprocessing = 0;
		};
/* End PBXResourcesBuildPhase section */

/* Begin PBXSourcesBuildPhase section */
		FFC7458924D6EEE200E84D83 /* Sources */ = {
			isa = PBXSourcesBuildPhase;
			buildActionMask = 2147483647;
			files = (
				FF2302C924DC5DE0001B2A59 /* ButtonGrp.swift in Sources */,
				FF2302CB24DD6069001B2A59 /* CoreDataInstance.swift in Sources */,
				FF0A111F24D9E5A200BAFCD9 /* AppModel.swift in Sources */,
				FFC7459624D6EEE200E84D83 /* AppCoreData.xcdatamodeld in Sources */,
				FFC7459824D6EEE200E84D83 /* Home.swift in Sources */,
				FF93BCCB24D84C7C001E0047 /* CoreDataPlusModelApp.swift in Sources */,
				FF5DF82024DC4ADA00457547 /* DisplayCounts.swift in Sources */,
				FF5DF81E24DC480600457547 /* NestedViaModel.swift in Sources */,
			);
			runOnlyForDeploymentPostprocessing = 0;
		};
/* End PBXSourcesBuildPhase section */

/* Begin PBXVariantGroup section */
		FFC7459E24D6EEE400E84D83 /* LaunchScreen.storyboard */ = {
			isa = PBXVariantGroup;
			children = (
				FFC7459F24D6EEE400E84D83 /* Base */,
			);
			name = LaunchScreen.storyboard;
			sourceTree = "<group>";
		};
/* End PBXVariantGroup section */

/* Begin XCBuildConfiguration section */
		FFC745A224D6EEE400E84D83 /* Debug */ = {
			isa = XCBuildConfiguration;
			buildSettings = {
				ALWAYS_SEARCH_USER_PATHS = NO;
				CLANG_ANALYZER_NONNULL = YES;
				CLANG_ANALYZER_NUMBER_OBJECT_CONVERSION = YES_AGGRESSIVE;
				CLANG_CXX_LANGUAGE_STANDARD = "gnu++14";
				CLANG_CXX_LIBRARY = "libc++";
				CLANG_ENABLE_MODULES = YES;
				CLANG_ENABLE_OBJC_ARC = YES;
				CLANG_ENABLE_OBJC_WEAK = YES;
				CLANG_WARN_BLOCK_CAPTURE_AUTORELEASING = YES;
				CLANG_WARN_BOOL_CONVERSION = YES;
				CLANG_WARN_COMMA = YES;
				CLANG_WARN_CONSTANT_CONVERSION = YES;
				CLANG_WARN_DEPRECATED_OBJC_IMPLEMENTATIONS = YES;
				CLANG_WARN_DIRECT_OBJC_ISA_USAGE = YES_ERROR;
				CLANG_WARN_DOCUMENTATION_COMMENTS = YES;
				CLANG_WARN_EMPTY_BODY = YES;
				CLANG_WARN_ENUM_CONVERSION = YES;
				CLANG_WARN_INFINITE_RECURSION = YES;
				CLANG_WARN_INT_CONVERSION = YES;
				CLANG_WARN_NON_LITERAL_NULL_CONVERSION = YES;
				CLANG_WARN_OBJC_IMPLICIT_RETAIN_SELF = YES;
				CLANG_WARN_OBJC_LITERAL_CONVERSION = YES;
				CLANG_WARN_OBJC_ROOT_CLASS = YES_ERROR;
				CLANG_WARN_RANGE_LOOP_ANALYSIS = YES;
				CLANG_WARN_STRICT_PROTOTYPES = YES;
				CLANG_WARN_SUSPICIOUS_MOVE = YES;
				CLANG_WARN_UNGUARDED_AVAILABILITY = YES_AGGRESSIVE;
				CLANG_WARN_UNREACHABLE_CODE = YES;
				CLANG_WARN__DUPLICATE_METHOD_MATCH = YES;
				COPY_PHASE_STRIP = NO;
				DEBUG_INFORMATION_FORMAT = dwarf;
				ENABLE_STRICT_OBJC_MSGSEND = YES;
				ENABLE_TESTABILITY = YES;
				GCC_C_LANGUAGE_STANDARD = gnu11;
				GCC_DYNAMIC_NO_PIC = NO;
				GCC_NO_COMMON_BLOCKS = YES;
				GCC_OPTIMIZATION_LEVEL = 0;
				GCC_PREPROCESSOR_DEFINITIONS = (
					"DEBUG=1",
					"$(inherited)",
				);
				GCC_WARN_64_TO_32_BIT_CONVERSION = YES;
				GCC_WARN_ABOUT_RETURN_TYPE = YES_ERROR;
				GCC_WARN_UNDECLARED_SELECTOR = YES;
				GCC_WARN_UNINITIALIZED_AUTOS = YES_AGGRESSIVE;
				GCC_WARN_UNUSED_FUNCTION = YES;
				GCC_WARN_UNUSED_VARIABLE = YES;
				IPHONEOS_DEPLOYMENT_TARGET = 14.0;
				MTL_ENABLE_DEBUG_INFO = INCLUDE_SOURCE;
				MTL_FAST_MATH = YES;
				ONLY_ACTIVE_ARCH = YES;
				SDKROOT = iphoneos;
				SWIFT_ACTIVE_COMPILATION_CONDITIONS = DEBUG;
				SWIFT_OPTIMIZATION_LEVEL = "-Onone";
			};
			name = Debug;
		};
		FFC745A324D6EEE400E84D83 /* Release */ = {
			isa = XCBuildConfiguration;
			buildSettings = {
				ALWAYS_SEARCH_USER_PATHS = NO;
				CLANG_ANALYZER_NONNULL = YES;
				CLANG_ANALYZER_NUMBER_OBJECT_CONVERSION = YES_AGGRESSIVE;
				CLANG_CXX_LANGUAGE_STANDARD = "gnu++14";
				CLANG_CXX_LIBRARY = "libc++";
				CLANG_ENABLE_MODULES = YES;
				CLANG_ENABLE_OBJC_ARC = YES;
				CLANG_ENABLE_OBJC_WEAK = YES;
				CLANG_WARN_BLOCK_CAPTURE_AUTORELEASING = YES;
				CLANG_WARN_BOOL_CONVERSION = YES;
				CLANG_WARN_COMMA = YES;
				CLANG_WARN_CONSTANT_CONVERSION = YES;
				CLANG_WARN_DEPRECATED_OBJC_IMPLEMENTATIONS = YES;
				CLANG_WARN_DIRECT_OBJC_ISA_USAGE = YES_ERROR;
				CLANG_WARN_DOCUMENTATION_COMMENTS = YES;
				CLANG_WARN_EMPTY_BODY = YES;
				CLANG_WARN_ENUM_CONVERSION = YES;
				CLANG_WARN_INFINITE_RECURSION = YES;
				CLANG_WARN_INT_CONVERSION = YES;
				CLANG_WARN_NON_LITERAL_NULL_CONVERSION = YES;
				CLANG_WARN_OBJC_IMPLICIT_RETAIN_SELF = YES;
				CLANG_WARN_OBJC_LITERAL_CONVERSION = YES;
				CLANG_WARN_OBJC_ROOT_CLASS = YES_ERROR;
				CLANG_WARN_RANGE_LOOP_ANALYSIS = YES;
				CLANG_WARN_STRICT_PROTOTYPES = YES;
				CLANG_WARN_SUSPICIOUS_MOVE = YES;
				CLANG_WARN_UNGUARDED_AVAILABILITY = YES_AGGRESSIVE;
				CLANG_WARN_UNREACHABLE_CODE = YES;
				CLANG_WARN__DUPLICATE_METHOD_MATCH = YES;
				COPY_PHASE_STRIP = NO;
				DEBUG_INFORMATION_FORMAT = "dwarf-with-dsym";
				ENABLE_NS_ASSERTIONS = NO;
				ENABLE_STRICT_OBJC_MSGSEND = YES;
				GCC_C_LANGUAGE_STANDARD = gnu11;
				GCC_NO_COMMON_BLOCKS = YES;
				GCC_WARN_64_TO_32_BIT_CONVERSION = YES;
				GCC_WARN_ABOUT_RETURN_TYPE = YES_ERROR;
				GCC_WARN_UNDECLARED_SELECTOR = YES;
				GCC_WARN_UNINITIALIZED_AUTOS = YES_AGGRESSIVE;
				GCC_WARN_UNUSED_FUNCTION = YES;
				GCC_WARN_UNUSED_VARIABLE = YES;
				IPHONEOS_DEPLOYMENT_TARGET = 14.0;
				MTL_ENABLE_DEBUG_INFO = NO;
				MTL_FAST_MATH = YES;
				SDKROOT = iphoneos;
				SWIFT_COMPILATION_MODE = wholemodule;
				SWIFT_OPTIMIZATION_LEVEL = "-O";
				VALIDATE_PRODUCT = YES;
			};
			name = Release;
		};
		FFC745A524D6EEE400E84D83 /* Debug */ = {
			isa = XCBuildConfiguration;
			buildSettings = {
				ASSETCATALOG_COMPILER_APPICON_NAME = AppIcon;
				CODE_SIGN_STYLE = Automatic;
				DEVELOPMENT_ASSET_PATHS = "\"CoreDataPlusModel/Preview Content\"";
				DEVELOPMENT_TEAM = 5NZZ2G4JD4;
				ENABLE_PREVIEWS = YES;
				INFOPLIST_FILE = CoreDataPlusModel/Info.plist;
				LD_RUNPATH_SEARCH_PATHS = (
					"$(inherited)",
					"@executable_path/Frameworks",
				);
				PRODUCT_BUNDLE_IDENTIFIER = com.jonhume.CoreDataPlusModel;
				PRODUCT_NAME = "$(TARGET_NAME)";
				SWIFT_VERSION = 5.0;
				TARGETED_DEVICE_FAMILY = "1,2";
			};
			name = Debug;
		};
		FFC745A624D6EEE400E84D83 /* Release */ = {
			isa = XCBuildConfiguration;
			buildSettings = {
				ASSETCATALOG_COMPILER_APPICON_NAME = AppIcon;
				CODE_SIGN_STYLE = Automatic;
				DEVELOPMENT_ASSET_PATHS = "\"CoreDataPlusModel/Preview Content\"";
				DEVELOPMENT_TEAM = 5NZZ2G4JD4;
				ENABLE_PREVIEWS = YES;
				INFOPLIST_FILE = CoreDataPlusModel/Info.plist;
				LD_RUNPATH_SEARCH_PATHS = (
					"$(inherited)",
					"@executable_path/Frameworks",
				);
				PRODUCT_BUNDLE_IDENTIFIER = com.jonhume.CoreDataPlusModel;
				PRODUCT_NAME = "$(TARGET_NAME)";
				SWIFT_VERSION = 5.0;
				TARGETED_DEVICE_FAMILY = "1,2";
			};
			name = Release;
		};
/* End XCBuildConfiguration section */

/* Begin XCConfigurationList section */
		FFC7458824D6EEE200E84D83 /* Build configuration list for PBXProject "CoreDataPlusModel" */ = {
			isa = XCConfigurationList;
			buildConfigurations = (
				FFC745A224D6EEE400E84D83 /* Debug */,
				FFC745A324D6EEE400E84D83 /* Release */,
			);
			defaultConfigurationIsVisible = 0;
			defaultConfigurationName = Release;
		};
		FFC745A424D6EEE400E84D83 /* Build configuration list for PBXNativeTarget "CoreDataPlusModel" */ = {
			isa = XCConfigurationList;
			buildConfigurations = (
				FFC745A524D6EEE400E84D83 /* Debug */,
				FFC745A624D6EEE400E84D83 /* Release */,
			);
			defaultConfigurationIsVisible = 0;
			defaultConfigurationName = Release;
		};
/* End XCConfigurationList section */

/* Begin XCVersionGroup section */
		FFC7459424D6EEE200E84D83 /* AppCoreData.xcdatamodeld */ = {
			isa = XCVersionGroup;
			children = (
				FFC7459524D6EEE200E84D83 /* CoreDataPlusModel.xcdatamodel */,
			);
			currentVersion = FFC7459524D6EEE200E84D83 /* CoreDataPlusModel.xcdatamodel */;
			path = AppCoreData.xcdatamodeld;
			sourceTree = "<group>";
			versionGroupType = wrapper.xcdatamodel;
		};
/* End XCVersionGroup section */
	};
	rootObject = FFC7458524D6EEE200E84D83 /* Project object */;
}
